{
  "name": "@neobase/client",
  "version": "0.0.0",
  "lockfileVersion": 3,
  "requires": true,
  "packages": {
    "": {
      "name": "@neobase/client",
      "version": "0.0.0",
      "dependencies": {
        "axios": "^0.27.2",
        "socket.io-client": "^4.6.1"
      },
      "devDependencies": {
        "@types/react": "^18.0.28",
        "@vitejs/plugin-react": "^3.1.0",
        "autoprefixer": "^10.4.7",
        "install": "^0.13.0",
        "postcss": "^8.4.13",
        "react-dom": "^18.2.0",
        "tailwindcss": "^3.0.24",
        "typescript": "^4.9.5",
        "vite": "^4.2.0",
        "vite-plugin-dts": "^2.3.0"
      },
      "peerDependencies": {
        "react": "^18.2.0",
        "react-dom": "^18.2.0"
      }
    },
    "../../node_modules/.pnpm/@types+react@18.0.28/node_modules/@types/react": {
      "version": "18.0.28",
      "dev": true,
      "license": "MIT",
      "dependencies": {
        "@types/prop-types": "*",
        "@types/scheduler": "*",
        "csstype": "^3.0.2"
      }
    },
    "../../node_modules/.pnpm/@vitejs+plugin-react@3.1.0_vite@4.3.2/node_modules/@vitejs/plugin-react": {
      "version": "3.1.0",
      "dev": true,
      "license": "MIT",
      "dependencies": {
        "@babel/core": "^7.20.12",
        "@babel/plugin-transform-react-jsx-self": "^7.18.6",
        "@babel/plugin-transform-react-jsx-source": "^7.19.6",
        "magic-string": "^0.27.0",
        "react-refresh": "^0.14.0"
      },
      "engines": {
        "node": "^14.18.0 || >=16.0.0"
      },
      "peerDependencies": {
        "vite": "^4.1.0-beta.0"
      }
    },
    "../../node_modules/.pnpm/autoprefixer@10.4.14_postcss@8.4.21/node_modules/autoprefixer": {
      "version": "10.4.14",
      "dev": true,
      "funding": [
        {
          "type": "opencollective",
          "url": "https://opencollective.com/postcss/"
        },
        {
          "type": "tidelift",
          "url": "https://tidelift.com/funding/github/npm/autoprefixer"
        }
      ],
      "license": "MIT",
      "dependencies": {
        "browserslist": "^4.21.5",
        "caniuse-lite": "^1.0.30001464",
        "fraction.js": "^4.2.0",
        "normalize-range": "^0.1.2",
        "picocolors": "^1.0.0",
        "postcss-value-parser": "^4.2.0"
      },
      "bin": {
        "autoprefixer": "bin/autoprefixer"
      },
      "engines": {
        "node": "^10 || ^12 || >=14"
      },
      "peerDependencies": {
        "postcss": "^8.1.0"
      }
    },
    "../../node_modules/.pnpm/axios@0.27.2/node_modules/axios": {
      "version": "0.27.2",
      "license": "MIT",
      "dependencies": {
        "follow-redirects": "^1.14.9",
        "form-data": "^4.0.0"
      },
      "devDependencies": {
        "abortcontroller-polyfill": "^1.7.3",
        "coveralls": "^3.1.1",
        "dtslint": "^4.2.1",
        "es6-promise": "^4.2.8",
        "formidable": "^2.0.1",
        "grunt": "^1.4.1",
        "grunt-banner": "^0.6.0",
        "grunt-cli": "^1.4.3",
        "grunt-contrib-clean": "^2.0.0",
        "grunt-contrib-watch": "^1.1.0",
        "grunt-eslint": "^24.0.0",
        "grunt-karma": "^4.0.2",
        "grunt-mocha-test": "^0.13.3",
        "grunt-webpack": "^5.0.0",
        "istanbul-instrumenter-loader": "^3.0.1",
        "jasmine-core": "^2.4.1",
        "karma": "^6.3.17",
        "karma-chrome-launcher": "^3.1.1",
        "karma-firefox-launcher": "^2.1.2",
        "karma-jasmine": "^1.1.1",
        "karma-jasmine-ajax": "^0.1.13",
        "karma-safari-launcher": "^1.0.0",
        "karma-sauce-launcher": "^4.3.6",
        "karma-sinon": "^1.0.5",
        "karma-sourcemap-loader": "^0.3.8",
        "karma-webpack": "^4.0.2",
        "load-grunt-tasks": "^5.1.0",
        "minimist": "^1.2.6",
        "mocha": "^8.2.1",
        "sinon": "^4.5.0",
        "terser-webpack-plugin": "^4.2.3",
        "typescript": "^4.6.3",
        "url-search-params": "^0.10.0",
        "webpack": "^4.44.2",
        "webpack-dev-server": "^3.11.0"
      }
    },
    "../../node_modules/.pnpm/install@0.13.0/node_modules/install": {
      "version": "0.13.0",
      "dev": true,
      "license": "MIT",
      "devDependencies": {
        "docco": "^0.8.0",
        "mocha": "^5.0.0",
        "reify": "^0.18.1",
        "terser": "^3.16.0"
      },
      "engines": {
        "node": ">= 0.10"
      }
    },
    "../../node_modules/.pnpm/postcss@8.4.21/node_modules/postcss": {
      "version": "8.4.21",
      "dev": true,
      "funding": [
        {
          "type": "opencollective",
          "url": "https://opencollective.com/postcss/"
        },
        {
          "type": "tidelift",
          "url": "https://tidelift.com/funding/github/npm/postcss"
        }
      ],
      "license": "MIT",
      "dependencies": {
        "nanoid": "^3.3.4",
        "picocolors": "^1.0.0",
        "source-map-js": "^1.0.2"
      },
      "engines": {
        "node": "^10 || ^12 || >=14"
      }
    },
    "../../node_modules/.pnpm/react-dom@18.2.0_react@18.2.0/node_modules/react-dom": {
      "version": "18.2.0",
      "dev": true,
      "license": "MIT",
      "dependencies": {
        "loose-envify": "^1.1.0",
        "scheduler": "^0.23.0"
      },
      "peerDependencies": {
        "react": "^18.2.0"
      }
    },
    "../../node_modules/.pnpm/react@18.2.0/node_modules/react": {
      "version": "18.2.0",
      "license": "MIT",
      "peer": true,
      "dependencies": {
        "loose-envify": "^1.1.0"
      },
      "engines": {
        "node": ">=0.10.0"
      }
    },
    "../../node_modules/.pnpm/socket.io-client@4.6.1/node_modules/socket.io-client": {
      "version": "4.6.1",
      "license": "MIT",
      "dependencies": {
        "@socket.io/component-emitter": "~3.1.0",
        "debug": "~4.3.2",
        "engine.io-client": "~6.4.0",
        "socket.io-parser": "~4.2.1"
      },
      "devDependencies": {
        "@babel/core": "^7.15.0",
        "@babel/plugin-transform-object-assign": "^7.14.5",
        "@babel/preset-env": "^7.15.0",
        "@babel/register": "^7.18.9",
        "@rollup/plugin-alias": "^3.1.5",
        "@rollup/plugin-babel": "^5.3.0",
        "@rollup/plugin-commonjs": "^21.0.0",
        "@rollup/plugin-node-resolve": "^13.0.5",
        "@sinonjs/fake-timers": "^7.1.2",
        "@types/mocha": "^9.0.0",
        "@types/node": "^16.7.6",
        "@types/sinonjs__fake-timers": "^6.0.3",
        "@wdio/cli": "^7.26.0",
        "@wdio/local-runner": "^7.26.0",
        "@wdio/mocha-framework": "^7.26.0",
        "@wdio/sauce-service": "^7.26.0",
        "@wdio/spec-reporter": "^7.26.0",
        "babel-eslint": "^10.1.0",
        "babel-loader": "^8.1.0",
        "babel-preset-es2015": "6.24.1",
        "base64-arraybuffer": "^0.1.5",
        "expect.js": "0.3.1",
        "has-cors": "^1.1.0",
        "mocha": "^10.1.0",
        "prettier": "^2.3.2",
        "rimraf": "^3.0.2",
        "rollup": "^2.58.0",
        "rollup-plugin-terser": "^7.0.2",
        "socket.io": "^4.6.0-alpha1",
        "socket.io-msgpack-parser": "^3.0.0",
        "text-blob-builder": "0.0.1",
        "ts-loader": "^8.3.0",
        "ts-node": "^10.2.1",
        "tsd": "^0.17.0",
        "typescript": "^4.4.2"
      },
      "engines": {
        "node": ">=10.0.0"
      }
    },
    "../../node_modules/.pnpm/tailwindcss@3.2.7_postcss@8.4.21/node_modules/tailwindcss": {
      "version": "3.2.7",
      "dev": true,
      "license": "MIT",
      "dependencies": {
        "arg": "^5.0.2",
        "chokidar": "^3.5.3",
        "color-name": "^1.1.4",
        "detective": "^5.2.1",
        "didyoumean": "^1.2.2",
        "dlv": "^1.1.3",
        "fast-glob": "^3.2.12",
        "glob-parent": "^6.0.2",
        "is-glob": "^4.0.3",
        "lilconfig": "^2.0.6",
        "micromatch": "^4.0.5",
        "normalize-path": "^3.0.0",
        "object-hash": "^3.0.0",
        "picocolors": "^1.0.0",
        "postcss": "^8.0.9",
        "postcss-import": "^14.1.0",
        "postcss-js": "^4.0.0",
        "postcss-load-config": "^3.1.4",
        "postcss-nested": "6.0.0",
        "postcss-selector-parser": "^6.0.11",
        "postcss-value-parser": "^4.2.0",
        "quick-lru": "^5.1.1",
        "resolve": "^1.22.1"
      },
      "bin": {
        "tailwind": "lib/cli.js",
        "tailwindcss": "lib/cli.js"
      },
      "devDependencies": {
        "@swc/cli": "0.1.59",
        "@swc/core": "1.3.24",
        "@swc/jest": "0.2.24",
        "@swc/register": "0.1.10",
        "autoprefixer": "^10.4.13",
        "browserslist": "^4.21.4",
        "concurrently": "^7.5.0",
        "cssnano": "^5.1.14",
        "esbuild": "^0.16.10",
        "eslint": "^8.31.0",
        "eslint-config-prettier": "^8.6.0",
        "eslint-plugin-prettier": "^4.2.1",
        "jest": "^28.1.3",
        "jest-diff": "^28.1.3",
        "lightningcss": "^1.18.0",
        "prettier": "^2.8.1",
        "rimraf": "^3.0.0",
        "source-map-js": "^1.0.2",
        "turbo": "^1.6.3"
      },
      "engines": {
        "node": ">=12.13.0"
      },
      "peerDependencies": {
        "postcss": "^8.0.9"
      }
    },
    "../../node_modules/.pnpm/tsc@2.0.4/node_modules/tsc": {
      "version": "2.0.4",
      "extraneous": true,
      "license": "MIT",
      "bin": {
        "tsc": "bin/tsc"
      }
    },
    "../../node_modules/.pnpm/typescript@4.9.5/node_modules/typescript": {
      "version": "4.9.5",
      "dev": true,
      "license": "Apache-2.0",
      "bin": {
        "tsc": "bin/tsc",
        "tsserver": "bin/tsserver"
      },
      "devDependencies": {
        "@octokit/rest": "latest",
        "@types/chai": "latest",
        "@types/fancy-log": "^2.0.0",
        "@types/fs-extra": "^9.0.13",
        "@types/glob": "latest",
        "@types/gulp": "^4.0.9",
        "@types/gulp-concat": "latest",
        "@types/gulp-newer": "latest",
        "@types/gulp-rename": "latest",
        "@types/gulp-sourcemaps": "latest",
        "@types/merge2": "latest",
        "@types/microsoft__typescript-etw": "latest",
        "@types/minimist": "latest",
        "@types/mkdirp": "latest",
        "@types/mocha": "latest",
        "@types/ms": "latest",
        "@types/node": "latest",
        "@types/source-map-support": "latest",
        "@types/which": "^2.0.1",
        "@types/xml2js": "^0.4.11",
        "@typescript-eslint/eslint-plugin": "^5.33.1",
        "@typescript-eslint/parser": "^5.33.1",
        "@typescript-eslint/utils": "^5.33.1",
        "azure-devops-node-api": "^11.2.0",
        "chai": "latest",
        "chalk": "^4.1.2",
        "del": "^6.1.1",
        "diff": "^5.1.0",
        "eslint": "^8.22.0",
        "eslint-formatter-autolinkable-stylish": "^1.2.0",
        "eslint-plugin-import": "^2.26.0",
        "eslint-plugin-jsdoc": "^39.3.6",
        "eslint-plugin-local": "^1.0.0",
        "eslint-plugin-no-null": "^1.0.2",
        "fancy-log": "latest",
        "fs-extra": "^9.1.0",
        "glob": "latest",
        "gulp": "^4.0.2",
        "gulp-concat": "latest",
        "gulp-insert": "latest",
        "gulp-newer": "latest",
        "gulp-rename": "latest",
        "gulp-sourcemaps": "latest",
        "merge2": "latest",
        "minimist": "latest",
        "mkdirp": "latest",
        "mocha": "latest",
        "mocha-fivemat-progress-reporter": "latest",
        "ms": "^2.1.3",
        "node-fetch": "^3.2.10",
        "source-map-support": "latest",
        "typescript": "^4.8.4",
        "vinyl": "latest",
        "which": "^2.0.2",
        "xml2js": "^0.4.23"
      },
      "engines": {
        "node": ">=4.2.0"
      }
    },
    "../../node_modules/.pnpm/vite-plugin-dts@2.3.0_vite@4.3.2/node_modules/vite-plugin-dts": {
      "version": "2.3.0",
      "dev": true,
      "license": "MIT",
      "dependencies": {
        "@babel/parser": "^7.21.4",
        "@microsoft/api-extractor": "^7.34.4",
        "@rollup/pluginutils": "^5.0.2",
        "@rushstack/node-core-library": "^3.55.2",
        "debug": "^4.3.4",
        "fast-glob": "^3.2.12",
        "fs-extra": "^10.1.0",
        "kolorist": "^1.7.0",
        "magic-string": "^0.29.0",
        "ts-morph": "18.0.0"
      },
      "devDependencies": {
        "@babel/types": "^7.21.4",
        "@commitlint/cli": "^17.6.1",
        "@commitlint/config-conventional": "^17.6.1",
        "@types/debug": "^4.1.7",
        "@types/fs-extra": "^9.0.13",
        "@types/minimist": "^1.2.2",
        "@types/node": "^18.15.11",
        "@types/prompts": "^2.4.4",
        "@types/semver": "^7.3.13",
        "@typescript-eslint/eslint-plugin": "^5.58.0",
        "@typescript-eslint/parser": "^5.58.0",
        "@vue/eslint-config-standard": "^8.0.1",
        "@vue/eslint-config-typescript": "^11.0.2",
        "conventional-changelog-cli": "^2.2.2",
        "cross-env": "^7.0.3",
        "eslint": "^8.38.0",
        "eslint-plugin-import": "^2.27.5",
        "eslint-plugin-node": "^11.1.0",
        "eslint-plugin-promise": "^6.1.1",
        "eslint-plugin-vue": "^9.10.0",
        "execa": "^6.1.0",
        "husky": "^8.0.3",
        "is-ci": "^3.0.1",
        "lint-staged": "^13.2.1",
        "minimist": "^1.2.8",
        "pinst": "^3.0.0",
        "prettier": "^2.8.7",
        "pretty-quick": "^3.1.3",
        "prompts": "^2.4.2",
        "rimraf": "^3.0.2",
        "semver": "^7.4.0",
        "tsx": "^3.12.6",
        "typescript": "^5.0.4",
        "unbuild": "^0.9.4",
        "vite": "^3.2.5",
        "vitest": "^0.24.5",
        "vue": "3.2.41"
      },
      "engines": {
        "node": "^14.18.0 || >=16.0.0"
      },
      "peerDependencies": {
        "vite": ">=2.9.0"
      }
    },
    "../../node_modules/.pnpm/vite@4.3.2/node_modules/vite": {
      "version": "4.3.2",
      "dev": true,
      "license": "MIT",
      "dependencies": {
        "esbuild": "^0.17.5",
        "postcss": "^8.4.21",
        "rollup": "^3.21.0"
      },
      "bin": {
        "vite": "bin/vite.js"
      },
      "devDependencies": {
        "@ampproject/remapping": "^2.2.0",
        "@babel/parser": "^7.21.3",
        "@babel/types": "^7.21.3",
        "@jridgewell/trace-mapping": "^0.3.17",
        "@rollup/plugin-alias": "^4.0.3",
        "@rollup/plugin-commonjs": "^24.0.1",
        "@rollup/plugin-dynamic-import-vars": "^2.0.3",
        "@rollup/plugin-json": "^6.0.0",
        "@rollup/plugin-node-resolve": "15.0.1",
        "@rollup/plugin-typescript": "^11.0.0",
        "@rollup/pluginutils": "^5.0.2",
        "@types/escape-html": "^1.0.0",
        "@types/pnpapi": "^0.0.2",
        "acorn": "^8.8.2",
        "acorn-walk": "^8.2.0",
        "cac": "^6.7.14",
        "chokidar": "^3.5.3",
        "connect": "^3.7.0",
        "connect-history-api-fallback": "^2.0.0",
        "convert-source-map": "^2.0.0",
        "cors": "^2.8.5",
        "cross-spawn": "^7.0.3",
        "debug": "^4.3.4",
        "dep-types": "link:./src/types",
        "dotenv": "^16.0.3",
        "dotenv-expand": "^9.0.0",
        "es-module-lexer": "^1.2.0",
        "escape-html": "^1.0.3",
        "estree-walker": "^3.0.3",
        "etag": "^1.8.1",
        "fast-glob": "^3.2.12",
        "http-proxy": "^1.18.1",
        "json-stable-stringify": "^1.0.2",
        "launch-editor-middleware": "^2.6.0",
        "magic-string": "^0.30.0",
        "micromatch": "^4.0.5",
        "mlly": "^1.2.0",
        "mrmime": "^1.0.1",
        "okie": "^1.0.1",
        "open": "^8.4.2",
        "parse5": "^7.1.2",
        "periscopic": "^3.1.0",
        "picocolors": "^1.0.0",
        "picomatch": "^2.3.1",
        "postcss-import": "^15.1.0",
        "postcss-load-config": "^4.0.1",
        "postcss-modules": "^6.0.0",
        "resolve.exports": "^2.0.1",
        "rollup-plugin-license": "^3.0.1",
        "sirv": "^2.0.2",
        "source-map-js": "^1.0.2",
        "source-map-support": "^0.5.21",
        "strip-ansi": "^7.0.1",
        "strip-literal": "^1.0.1",
        "tsconfck": "^2.1.1",
        "tslib": "^2.5.0",
        "types": "link:./types",
        "ufo": "^1.1.1",
        "ws": "^8.13.0"
      },
      "engines": {
        "node": "^14.18.0 || >=16.0.0"
      },
      "optionalDependencies": {
        "fsevents": "~2.3.2"
      },
      "peerDependencies": {
        "@types/node": ">= 14",
        "less": "*",
        "sass": "*",
        "stylus": "*",
        "sugarss": "*",
        "terser": "^5.4.0"
      },
      "peerDependenciesMeta": {
        "@types/node": {
          "optional": true
        },
        "less": {
          "optional": true
        },
        "sass": {
          "optional": true
        },
        "stylus": {
          "optional": true
        },
        "sugarss": {
          "optional": true
        },
        "terser": {
          "optional": true
        }
      }
    },
    "node_modules/@types/react": {
      "resolved": "../../node_modules/.pnpm/@types+react@18.0.28/node_modules/@types/react",
      "link": true
    },
    "node_modules/@vitejs/plugin-react": {
      "resolved": "../../node_modules/.pnpm/@vitejs+plugin-react@3.1.0_vite@4.3.2/node_modules/@vitejs/plugin-react",
      "link": true
    },
    "node_modules/autoprefixer": {
      "resolved": "../../node_modules/.pnpm/autoprefixer@10.4.14_postcss@8.4.21/node_modules/autoprefixer",
      "link": true
    },
    "node_modules/axios": {
      "resolved": "../../node_modules/.pnpm/axios@0.27.2/node_modules/axios",
      "link": true
    },
    "node_modules/install": {
      "resolved": "../../node_modules/.pnpm/install@0.13.0/node_modules/install",
      "link": true
    },
    "node_modules/postcss": {
      "resolved": "../../node_modules/.pnpm/postcss@8.4.21/node_modules/postcss",
      "link": true
    },
    "node_modules/react": {
      "resolved": "../../node_modules/.pnpm/react@18.2.0/node_modules/react",
      "link": true
    },
    "node_modules/react-dom": {
      "resolved": "../../node_modules/.pnpm/react-dom@18.2.0_react@18.2.0/node_modules/react-dom",
      "link": true
    },
    "node_modules/socket.io-client": {
      "resolved": "../../node_modules/.pnpm/socket.io-client@4.6.1/node_modules/socket.io-client",
      "link": true
    },
    "node_modules/tailwindcss": {
      "resolved": "../../node_modules/.pnpm/tailwindcss@3.2.7_postcss@8.4.21/node_modules/tailwindcss",
      "link": true
    },
    "node_modules/typescript": {
      "resolved": "../../node_modules/.pnpm/typescript@4.9.5/node_modules/typescript",
      "link": true
    },
    "node_modules/vite": {
      "resolved": "../../node_modules/.pnpm/vite@4.3.2/node_modules/vite",
      "link": true
    },
    "node_modules/vite-plugin-dts": {
      "resolved": "../../node_modules/.pnpm/vite-plugin-dts@2.3.0_vite@4.3.2/node_modules/vite-plugin-dts",
      "link": true
    }
  }
}
